// !$*UTF8*$!
{
	archiveVersion = 1;
	classes = {
	};
	objectVersion = 46;
	objects = {

/* Begin PBXBuildFile section */
		13D726CA66A35E193832D646 /* libPods.a in Frameworks */ = {isa = PBXBuildFile; fileRef = 2737B23509015E2665674337 /* libPods.a */; };
		81EA835C1A1927E600032936 /* InstagramClient.m in Sources */ = {isa = PBXBuildFile; fileRef = 81EA835B1A1927E600032936 /* InstagramClient.m */; };
		81EA83601A1933D600032936 /* Location.m in Sources */ = {isa = PBXBuildFile; fileRef = 81EA835F1A1933D600032936 /* Location.m */; };
		81EA83631A195BA300032936 /* IGImage.m in Sources */ = {isa = PBXBuildFile; fileRef = 81EA83621A195BA300032936 /* IGImage.m */; };
		81EA83661A195D6F00032936 /* IGUser.m in Sources */ = {isa = PBXBuildFile; fileRef = 81EA83651A195D6F00032936 /* IGUser.m */; };
		81EA836A1A1972AA00032936 /* LocationDetailViewController.m in Sources */ = {isa = PBXBuildFile; fileRef = 81EA83681A1972AA00032936 /* LocationDetailViewController.m */; };
		81EA836B1A1972AA00032936 /* LocationDetailViewController.xib in Resources */ = {isa = PBXBuildFile; fileRef = 81EA83691A1972AA00032936 /* LocationDetailViewController.xib */; };
		81EA83701A197DC900032936 /* IGImageCellView.m in Sources */ = {isa = PBXBuildFile; fileRef = 81EA836E1A197DC900032936 /* IGImageCellView.m */; };
		81EA83711A197DC900032936 /* IGImageCellView.xib in Resources */ = {isa = PBXBuildFile; fileRef = 81EA836F1A197DC900032936 /* IGImageCellView.xib */; };
		81EA837E1A1C6EFB00032936 /* GrowView.m in Sources */ = {isa = PBXBuildFile; fileRef = 81EA837D1A1C6EFB00032936 /* GrowView.m */; };
		81EA83851A1C7FCA00032936 /* GrowView.xib in Resources */ = {isa = PBXBuildFile; fileRef = 81EA83841A1C7FC900032936 /* GrowView.xib */; };
		C4CA30A91A18696E00E77FD4 /* main.m in Sources */ = {isa = PBXBuildFile; fileRef = C4CA30A81A18696E00E77FD4 /* main.m */; };
		C4CA30AC1A18696E00E77FD4 /* AppDelegate.m in Sources */ = {isa = PBXBuildFile; fileRef = C4CA30AB1A18696E00E77FD4 /* AppDelegate.m */; };
		C4CA30B41A18696E00E77FD4 /* Images.xcassets in Resources */ = {isa = PBXBuildFile; fileRef = C4CA30B31A18696E00E77FD4 /* Images.xcassets */; };
		C4CA30B71A18696E00E77FD4 /* LaunchScreen.xib in Resources */ = {isa = PBXBuildFile; fileRef = C4CA30B51A18696E00E77FD4 /* LaunchScreen.xib */; };
		C4CA30C31A18696E00E77FD4 /* iGeoTests.m in Sources */ = {isa = PBXBuildFile; fileRef = C4CA30C21A18696E00E77FD4 /* iGeoTests.m */; };
		C4CA30D01A186A9200E77FD4 /* MainViewController.m in Sources */ = {isa = PBXBuildFile; fileRef = C4CA30CE1A186A9200E77FD4 /* MainViewController.m */; };
		C4CA30D11A186A9200E77FD4 /* MainViewController.xib in Resources */ = {isa = PBXBuildFile; fileRef = C4CA30CF1A186A9200E77FD4 /* MainViewController.xib */; };
		C4CA30DE1A197C9900E77FD4 /* Annotation.m in Sources */ = {isa = PBXBuildFile; fileRef = C4CA30DD1A197C9900E77FD4 /* Annotation.m */; };
/* End PBXBuildFile section */

/* Begin PBXContainerItemProxy section */
		C4CA30BD1A18696E00E77FD4 /* PBXContainerItemProxy */ = {
			isa = PBXContainerItemProxy;
			containerPortal = C4CA309B1A18696E00E77FD4 /* Project object */;
			proxyType = 1;
			remoteGlobalIDString = C4CA30A21A18696E00E77FD4;
			remoteInfo = iGeo;
		};
/* End PBXContainerItemProxy section */

/* Begin PBXFileReference section */
		1251FAD8669C145F7C5C4927 /* Pods.release.xcconfig */ = {isa = PBXFileReference; includeInIndex = 1; lastKnownFileType = text.xcconfig; name = Pods.release.xcconfig; path = "Pods/Target Support Files/Pods/Pods.release.xcconfig"; sourceTree = "<group>"; };
		2737B23509015E2665674337 /* libPods.a */ = {isa = PBXFileReference; explicitFileType = archive.ar; includeInIndex = 0; path = libPods.a; sourceTree = BUILT_PRODUCTS_DIR; };
		81D77820ECEBBB8A4D7132F4 /* Pods.debug.xcconfig */ = {isa = PBXFileReference; includeInIndex = 1; lastKnownFileType = text.xcconfig; name = Pods.debug.xcconfig; path = "Pods/Target Support Files/Pods/Pods.debug.xcconfig"; sourceTree = "<group>"; };
		81EA835A1A1927E600032936 /* InstagramClient.h */ = {isa = PBXFileReference; fileEncoding = 4; lastKnownFileType = sourcecode.c.h; path = InstagramClient.h; sourceTree = "<group>"; };
		81EA835B1A1927E600032936 /* InstagramClient.m */ = {isa = PBXFileReference; fileEncoding = 4; lastKnownFileType = sourcecode.c.objc; path = InstagramClient.m; sourceTree = "<group>"; };
		81EA835E1A1933D600032936 /* Location.h */ = {isa = PBXFileReference; fileEncoding = 4; lastKnownFileType = sourcecode.c.h; path = Location.h; sourceTree = "<group>"; };
		81EA835F1A1933D600032936 /* Location.m */ = {isa = PBXFileReference; fileEncoding = 4; lastKnownFileType = sourcecode.c.objc; path = Location.m; sourceTree = "<group>"; };
		81EA83611A195BA200032936 /* IGImage.h */ = {isa = PBXFileReference; fileEncoding = 4; lastKnownFileType = sourcecode.c.h; path = IGImage.h; sourceTree = "<group>"; };
		81EA83621A195BA300032936 /* IGImage.m */ = {isa = PBXFileReference; fileEncoding = 4; lastKnownFileType = sourcecode.c.objc; path = IGImage.m; sourceTree = "<group>"; };
		81EA83641A195D6F00032936 /* IGUser.h */ = {isa = PBXFileReference; fileEncoding = 4; lastKnownFileType = sourcecode.c.h; path = IGUser.h; sourceTree = "<group>"; };
		81EA83651A195D6F00032936 /* IGUser.m */ = {isa = PBXFileReference; fileEncoding = 4; lastKnownFileType = sourcecode.c.objc; path = IGUser.m; sourceTree = "<group>"; };
		81EA83671A1972AA00032936 /* LocationDetailViewController.h */ = {isa = PBXFileReference; fileEncoding = 4; lastKnownFileType = sourcecode.c.h; path = LocationDetailViewController.h; sourceTree = "<group>"; };
		81EA83681A1972AA00032936 /* LocationDetailViewController.m */ = {isa = PBXFileReference; fileEncoding = 4; lastKnownFileType = sourcecode.c.objc; path = LocationDetailViewController.m; sourceTree = "<group>"; };
		81EA83691A1972AA00032936 /* LocationDetailViewController.xib */ = {isa = PBXFileReference; fileEncoding = 4; lastKnownFileType = file.xib; path = LocationDetailViewController.xib; sourceTree = "<group>"; };
		81EA836D1A197DC900032936 /* IGImageCellView.h */ = {isa = PBXFileReference; fileEncoding = 4; lastKnownFileType = sourcecode.c.h; path = IGImageCellView.h; sourceTree = "<group>"; };
		81EA836E1A197DC900032936 /* IGImageCellView.m */ = {isa = PBXFileReference; fileEncoding = 4; lastKnownFileType = sourcecode.c.objc; path = IGImageCellView.m; sourceTree = "<group>"; };
		81EA836F1A197DC900032936 /* IGImageCellView.xib */ = {isa = PBXFileReference; fileEncoding = 4; lastKnownFileType = file.xib; path = IGImageCellView.xib; sourceTree = "<group>"; };
		81EA837C1A1C6EFB00032936 /* GrowView.h */ = {isa = PBXFileReference; fileEncoding = 4; lastKnownFileType = sourcecode.c.h; path = GrowView.h; sourceTree = "<group>"; };
		81EA837D1A1C6EFB00032936 /* GrowView.m */ = {isa = PBXFileReference; fileEncoding = 4; lastKnownFileType = sourcecode.c.objc; path = GrowView.m; sourceTree = "<group>"; };
		81EA83841A1C7FC900032936 /* GrowView.xib */ = {isa = PBXFileReference; fileEncoding = 4; lastKnownFileType = file.xib; path = GrowView.xib; sourceTree = "<group>"; };
		81EA83861A1D12E200032936 /* Common.h */ = {isa = PBXFileReference; lastKnownFileType = sourcecode.c.h; path = Common.h; sourceTree = "<group>"; };
		C4CA30A31A18696E00E77FD4 /* iGeo.app */ = {isa = PBXFileReference; explicitFileType = wrapper.application; includeInIndex = 0; path = iGeo.app; sourceTree = BUILT_PRODUCTS_DIR; };
		C4CA30A71A18696E00E77FD4 /* Info.plist */ = {isa = PBXFileReference; lastKnownFileType = text.plist.xml; path = Info.plist; sourceTree = "<group>"; };
		C4CA30A81A18696E00E77FD4 /* main.m */ = {isa = PBXFileReference; lastKnownFileType = sourcecode.c.objc; path = main.m; sourceTree = "<group>"; };
		C4CA30AA1A18696E00E77FD4 /* AppDelegate.h */ = {isa = PBXFileReference; lastKnownFileType = sourcecode.c.h; path = AppDelegate.h; sourceTree = "<group>"; };
		C4CA30AB1A18696E00E77FD4 /* AppDelegate.m */ = {isa = PBXFileReference; lastKnownFileType = sourcecode.c.objc; path = AppDelegate.m; sourceTree = "<group>"; };
		C4CA30B31A18696E00E77FD4 /* Images.xcassets */ = {isa = PBXFileReference; lastKnownFileType = folder.assetcatalog; path = Images.xcassets; sourceTree = "<group>"; };
		C4CA30B61A18696E00E77FD4 /* Base */ = {isa = PBXFileReference; lastKnownFileType = file.xib; name = Base; path = Base.lproj/LaunchScreen.xib; sourceTree = "<group>"; };
		C4CA30BC1A18696E00E77FD4 /* iGeoTests.xctest */ = {isa = PBXFileReference; explicitFileType = wrapper.cfbundle; includeInIndex = 0; path = iGeoTests.xctest; sourceTree = BUILT_PRODUCTS_DIR; };
		C4CA30C11A18696E00E77FD4 /* Info.plist */ = {isa = PBXFileReference; lastKnownFileType = text.plist.xml; path = Info.plist; sourceTree = "<group>"; };
		C4CA30C21A18696E00E77FD4 /* iGeoTests.m */ = {isa = PBXFileReference; lastKnownFileType = sourcecode.c.objc; path = iGeoTests.m; sourceTree = "<group>"; };
		C4CA30CD1A186A9200E77FD4 /* MainViewController.h */ = {isa = PBXFileReference; fileEncoding = 4; lastKnownFileType = sourcecode.c.h; path = MainViewController.h; sourceTree = "<group>"; };
		C4CA30CE1A186A9200E77FD4 /* MainViewController.m */ = {isa = PBXFileReference; fileEncoding = 4; lastKnownFileType = sourcecode.c.objc; path = MainViewController.m; sourceTree = "<group>"; };
		C4CA30CF1A186A9200E77FD4 /* MainViewController.xib */ = {isa = PBXFileReference; fileEncoding = 4; lastKnownFileType = file.xib; path = MainViewController.xib; sourceTree = "<group>"; };
		C4CA30DC1A197C9900E77FD4 /* Annotation.h */ = {isa = PBXFileReference; fileEncoding = 4; lastKnownFileType = sourcecode.c.h; path = Annotation.h; sourceTree = "<group>"; };
		C4CA30DD1A197C9900E77FD4 /* Annotation.m */ = {isa = PBXFileReference; fileEncoding = 4; lastKnownFileType = sourcecode.c.objc; path = Annotation.m; sourceTree = "<group>"; };
/* End PBXFileReference section */

/* Begin PBXFrameworksBuildPhase section */
		C4CA30A01A18696E00E77FD4 /* Frameworks */ = {
			isa = PBXFrameworksBuildPhase;
			buildActionMask = 2147483647;
			files = (
				13D726CA66A35E193832D646 /* libPods.a in Frameworks */,
			);
			runOnlyForDeploymentPostprocessing = 0;
		};
		C4CA30B91A18696E00E77FD4 /* Frameworks */ = {
			isa = PBXFrameworksBuildPhase;
			buildActionMask = 2147483647;
			files = (
			);
			runOnlyForDeploymentPostprocessing = 0;
		};
/* End PBXFrameworksBuildPhase section */

/* Begin PBXGroup section */
		5112ECC3D70FA378EC76EC77 /* Frameworks */ = {
			isa = PBXGroup;
			children = (
				2737B23509015E2665674337 /* libPods.a */,
			);
			name = Frameworks;
			sourceTree = "<group>";
		};
		81EA83551A19261600032936 /* API */ = {
			isa = PBXGroup;
			children = (
				81EA835A1A1927E600032936 /* InstagramClient.h */,
				81EA835B1A1927E600032936 /* InstagramClient.m */,
			);
			name = API;
			sourceTree = "<group>";
		};
		81EA835D1A1933A900032936 /* Model */ = {
			isa = PBXGroup;
			children = (
				81EA835E1A1933D600032936 /* Location.h */,
				81EA835F1A1933D600032936 /* Location.m */,
				81EA83611A195BA200032936 /* IGImage.h */,
				81EA83621A195BA300032936 /* IGImage.m */,
				81EA83641A195D6F00032936 /* IGUser.h */,
				81EA83651A195D6F00032936 /* IGUser.m */,
				C4CA30DC1A197C9900E77FD4 /* Annotation.h */,
				C4CA30DD1A197C9900E77FD4 /* Annotation.m */,
			);
			name = Model;
			sourceTree = "<group>";
		};
		81EA836C1A197D7100032936 /* View */ = {
			isa = PBXGroup;
			children = (
				81EA836D1A197DC900032936 /* IGImageCellView.h */,
				81EA836E1A197DC900032936 /* IGImageCellView.m */,
				81EA836F1A197DC900032936 /* IGImageCellView.xib */,
				81EA837C1A1C6EFB00032936 /* GrowView.h */,
				81EA837D1A1C6EFB00032936 /* GrowView.m */,
				81EA83841A1C7FC900032936 /* GrowView.xib */,
			);
			name = View;
			sourceTree = "<group>";
		};
		C4CA309A1A18696E00E77FD4 = {
			isa = PBXGroup;
			children = (
				C4CA30A51A18696E00E77FD4 /* iGeo */,
				C4CA30BF1A18696E00E77FD4 /* iGeoTests */,
				C4CA30A41A18696E00E77FD4 /* Products */,
				FAD1F1B9F41B47BB3B15160B /* Pods */,
				5112ECC3D70FA378EC76EC77 /* Frameworks */,
			);
			sourceTree = "<group>";
		};
		C4CA30A41A18696E00E77FD4 /* Products */ = {
			isa = PBXGroup;
			children = (
				C4CA30A31A18696E00E77FD4 /* iGeo.app */,
				C4CA30BC1A18696E00E77FD4 /* iGeoTests.xctest */,
			);
			name = Products;
			sourceTree = "<group>";
		};
		C4CA30A51A18696E00E77FD4 /* iGeo */ = {
			isa = PBXGroup;
			children = (
				81EA836C1A197D7100032936 /* View */,
				81EA835D1A1933A900032936 /* Model */,
				81EA83551A19261600032936 /* API */,
				C4CA30CC1A186A6300E77FD4 /* Controller */,
				C4CA30AA1A18696E00E77FD4 /* AppDelegate.h */,
				C4CA30AB1A18696E00E77FD4 /* AppDelegate.m */,
				C4CA30B31A18696E00E77FD4 /* Images.xcassets */,
				C4CA30B51A18696E00E77FD4 /* LaunchScreen.xib */,
				C4CA30A61A18696E00E77FD4 /* Supporting Files */,
				81EA83861A1D12E200032936 /* Common.h */,
			);
			path = iGeo;
			sourceTree = "<group>";
		};
		C4CA30A61A18696E00E77FD4 /* Supporting Files */ = {
			isa = PBXGroup;
			children = (
				C4CA30A71A18696E00E77FD4 /* Info.plist */,
				C4CA30A81A18696E00E77FD4 /* main.m */,
			);
			name = "Supporting Files";
			sourceTree = "<group>";
		};
		C4CA30BF1A18696E00E77FD4 /* iGeoTests */ = {
			isa = PBXGroup;
			children = (
				C4CA30C21A18696E00E77FD4 /* iGeoTests.m */,
				C4CA30C01A18696E00E77FD4 /* Supporting Files */,
			);
			path = iGeoTests;
			sourceTree = "<group>";
		};
		C4CA30C01A18696E00E77FD4 /* Supporting Files */ = {
			isa = PBXGroup;
			children = (
				C4CA30C11A18696E00E77FD4 /* Info.plist */,
			);
			name = "Supporting Files";
			sourceTree = "<group>";
		};
		C4CA30CC1A186A6300E77FD4 /* Controller */ = {
			isa = PBXGroup;
			children = (
				C4CA30CD1A186A9200E77FD4 /* MainViewController.h */,
				C4CA30CE1A186A9200E77FD4 /* MainViewController.m */,
				C4CA30CF1A186A9200E77FD4 /* MainViewController.xib */,
				81EA83671A1972AA00032936 /* LocationDetailViewController.h */,
				81EA83681A1972AA00032936 /* LocationDetailViewController.m */,
				81EA83691A1972AA00032936 /* LocationDetailViewController.xib */,
			);
			name = Controller;
			sourceTree = "<group>";
		};
		FAD1F1B9F41B47BB3B15160B /* Pods */ = {
			isa = PBXGroup;
			children = (
				81D77820ECEBBB8A4D7132F4 /* Pods.debug.xcconfig */,
				1251FAD8669C145F7C5C4927 /* Pods.release.xcconfig */,
			);
			name = Pods;
			sourceTree = "<group>";
		};
/* End PBXGroup section */

/* Begin PBXNativeTarget section */
		C4CA30A21A18696E00E77FD4 /* iGeo */ = {
			isa = PBXNativeTarget;
			buildConfigurationList = C4CA30C61A18696E00E77FD4 /* Build configuration list for PBXNativeTarget "iGeo" */;
			buildPhases = (
				7C43DCA02DC1FBE82185C7AB /* Check Pods Manifest.lock */,
				C4CA309F1A18696E00E77FD4 /* Sources */,
				C4CA30A01A18696E00E77FD4 /* Frameworks */,
				C4CA30A11A18696E00E77FD4 /* Resources */,
				99D9887AB289D3956AF54DF2 /* Copy Pods Resources */,
			);
			buildRules = (
			);
			dependencies = (
			);
			name = iGeo;
			productName = iGeo;
			productReference = C4CA30A31A18696E00E77FD4 /* iGeo.app */;
			productType = "com.apple.product-type.application";
		};
		C4CA30BB1A18696E00E77FD4 /* iGeoTests */ = {
			isa = PBXNativeTarget;
			buildConfigurationList = C4CA30C91A18696E00E77FD4 /* Build configuration list for PBXNativeTarget "iGeoTests" */;
			buildPhases = (
				C4CA30B81A18696E00E77FD4 /* Sources */,
				C4CA30B91A18696E00E77FD4 /* Frameworks */,
				C4CA30BA1A18696E00E77FD4 /* Resources */,
			);
			buildRules = (
			);
			dependencies = (
				C4CA30BE1A18696E00E77FD4 /* PBXTargetDependency */,
			);
			name = iGeoTests;
			productName = iGeoTests;
			productReference = C4CA30BC1A18696E00E77FD4 /* iGeoTests.xctest */;
			productType = "com.apple.product-type.bundle.unit-test";
		};
/* End PBXNativeTarget section */

/* Begin PBXProject section */
		C4CA309B1A18696E00E77FD4 /* Project object */ = {
			isa = PBXProject;
			attributes = {
				LastUpgradeCheck = 0610;
				ORGANIZATIONNAME = "Sumeet Ungratwar";
				TargetAttributes = {
					C4CA30A21A18696E00E77FD4 = {
						CreatedOnToolsVersion = 6.1;
						DevelopmentTeam = XCT4LWZW8C;
					};
					C4CA30BB1A18696E00E77FD4 = {
						CreatedOnToolsVersion = 6.1;
						DevelopmentTeam = XCT4LWZW8C;
						TestTargetID = C4CA30A21A18696E00E77FD4;
					};
				};
			};
			buildConfigurationList = C4CA309E1A18696E00E77FD4 /* Build configuration list for PBXProject "iGeo" */;
			compatibilityVersion = "Xcode 3.2";
			developmentRegion = English;
			hasScannedForEncodings = 0;
			knownRegions = (
				en,
				Base,
			);
			mainGroup = C4CA309A1A18696E00E77FD4;
			productRefGroup = C4CA30A41A18696E00E77FD4 /* Products */;
			projectDirPath = "";
			projectRoot = "";
			targets = (
				C4CA30A21A18696E00E77FD4 /* iGeo */,
				C4CA30BB1A18696E00E77FD4 /* iGeoTests */,
			);
		};
/* End PBXProject section */

/* Begin PBXResourcesBuildPhase section */
		C4CA30A11A18696E00E77FD4 /* Resources */ = {
			isa = PBXResourcesBuildPhase;
			buildActionMask = 2147483647;
			files = (
				81EA836B1A1972AA00032936 /* LocationDetailViewController.xib in Resources */,
				81EA83851A1C7FCA00032936 /* GrowView.xib in Resources */,
				81EA83711A197DC900032936 /* IGImageCellView.xib in Resources */,
				C4CA30B71A18696E00E77FD4 /* LaunchScreen.xib in Resources */,
				C4CA30B41A18696E00E77FD4 /* Images.xcassets in Resources */,
				C4CA30D11A186A9200E77FD4 /* MainViewController.xib in Resources */,
			);
			runOnlyForDeploymentPostprocessing = 0;
		};
		C4CA30BA1A18696E00E77FD4 /* Resources */ = {
			isa = PBXResourcesBuildPhase;
			buildActionMask = 2147483647;
			files = (
			);
			runOnlyForDeploymentPostprocessing = 0;
		};
/* End PBXResourcesBuildPhase section */

/* Begin PBXShellScriptBuildPhase section */
		7C43DCA02DC1FBE82185C7AB /* Check Pods Manifest.lock */ = {
			isa = PBXShellScriptBuildPhase;
			buildActionMask = 2147483647;
			files = (
			);
			inputPaths = (
			);
			name = "Check Pods Manifest.lock";
			outputPaths = (
			);
			runOnlyForDeploymentPostprocessing = 0;
			shellPath = /bin/sh;
			shellScript = "diff \"${PODS_ROOT}/../Podfile.lock\" \"${PODS_ROOT}/Manifest.lock\" > /dev/null\nif [[ $? != 0 ]] ; then\n    cat << EOM\nerror: The sandbox is not in sync with the Podfile.lock. Run 'pod install' or update your CocoaPods installation.\nEOM\n    exit 1\nfi\n";
			showEnvVarsInLog = 0;
		};
		99D9887AB289D3956AF54DF2 /* Copy Pods Resources */ = {
			isa = PBXShellScriptBuildPhase;
			buildActionMask = 2147483647;
			files = (
			);
			inputPaths = (
			);
			name = "Copy Pods Resources";
			outputPaths = (
			);
			runOnlyForDeploymentPostprocessing = 0;
			shellPath = /bin/sh;
			shellScript = "\"${SRCROOT}/Pods/Target Support Files/Pods/Pods-resources.sh\"\n";
			showEnvVarsInLog = 0;
		};
/* End PBXShellScriptBuildPhase section */

/* Begin PBXSourcesBuildPhase section */
		C4CA309F1A18696E00E77FD4 /* Sources */ = {
			isa = PBXSourcesBuildPhase;
			buildActionMask = 2147483647;
			files = (
				C4CA30AC1A18696E00E77FD4 /* AppDelegate.m in Sources */,
				81EA83631A195BA300032936 /* IGImage.m in Sources */,
				C4CA30DE1A197C9900E77FD4 /* Annotation.m in Sources */,
				81EA83701A197DC900032936 /* IGImageCellView.m in Sources */,
				81EA837E1A1C6EFB00032936 /* GrowView.m in Sources */,
				81EA83601A1933D600032936 /* Location.m in Sources */,
				81EA83661A195D6F00032936 /* IGUser.m in Sources */,
				81EA836A1A1972AA00032936 /* LocationDetailViewController.m in Sources */,
				81EA835C1A1927E600032936 /* InstagramClient.m in Sources */,
				C4CA30A91A18696E00E77FD4 /* main.m in Sources */,
				C4CA30D01A186A9200E77FD4 /* MainViewController.m in Sources */,
			);
			runOnlyForDeploymentPostprocessing = 0;
		};
		C4CA30B81A18696E00E77FD4 /* Sources */ = {
			isa = PBXSourcesBuildPhase;
			buildActionMask = 2147483647;
			files = (
				C4CA30C31A18696E00E77FD4 /* iGeoTests.m in Sources */,
			);
			runOnlyForDeploymentPostprocessing = 0;
		};
/* End PBXSourcesBuildPhase section */

/* Begin PBXTargetDependency section */
		C4CA30BE1A18696E00E77FD4 /* PBXTargetDependency */ = {
			isa = PBXTargetDependency;
			target = C4CA30A21A18696E00E77FD4 /* iGeo */;
			targetProxy = C4CA30BD1A18696E00E77FD4 /* PBXContainerItemProxy */;
		};
/* End PBXTargetDependency section */

/* Begin PBXVariantGroup section */
		C4CA30B51A18696E00E77FD4 /* LaunchScreen.xib */ = {
			isa = PBXVariantGroup;
			children = (
				C4CA30B61A18696E00E77FD4 /* Base */,
			);
			name = LaunchScreen.xib;
			sourceTree = "<group>";
		};
/* End PBXVariantGroup section */

/* Begin XCBuildConfiguration section */
		C4CA30C41A18696E00E77FD4 /* Debug */ = {
			isa = XCBuildConfiguration;
			buildSettings = {
				ALWAYS_SEARCH_USER_PATHS = NO;
				CLANG_CXX_LANGUAGE_STANDARD = "gnu++0x";
				CLANG_CXX_LIBRARY = "libc++";
				CLANG_ENABLE_MODULES = YES;
				CLANG_ENABLE_OBJC_ARC = YES;
				CLANG_WARN_BOOL_CONVERSION = YES;
				CLANG_WARN_CONSTANT_CONVERSION = YES;
				CLANG_WARN_DIRECT_OBJC_ISA_USAGE = YES_ERROR;
				CLANG_WARN_EMPTY_BODY = YES;
				CLANG_WARN_ENUM_CONVERSION = YES;
				CLANG_WARN_INT_CONVERSION = YES;
				CLANG_WARN_OBJC_ROOT_CLASS = YES_ERROR;
				CLANG_WARN_UNREACHABLE_CODE = YES;
				CLANG_WARN__DUPLICATE_METHOD_MATCH = YES;
				"CODE_SIGN_IDENTITY[sdk=iphoneos*]" = "iPhone Developer";
				COPY_PHASE_STRIP = NO;
				ENABLE_STRICT_OBJC_MSGSEND = YES;
				GCC_C_LANGUAGE_STANDARD = gnu99;
				GCC_DYNAMIC_NO_PIC = NO;
				GCC_OPTIMIZATION_LEVEL = 0;
				GCC_PREPROCESSOR_DEFINITIONS = (
					"DEBUG=1",
					"$(inherited)",
				);
				GCC_SYMBOLS_PRIVATE_EXTERN = NO;
				GCC_WARN_64_TO_32_BIT_CONVERSION = YES;
				GCC_WARN_ABOUT_RETURN_TYPE = YES_ERROR;
				GCC_WARN_UNDECLARED_SELECTOR = YES;
				GCC_WARN_UNINITIALIZED_AUTOS = YES_AGGRESSIVE;
				GCC_WARN_UNUSED_FUNCTION = YES;
				GCC_WARN_UNUSED_VARIABLE = YES;
				IPHONEOS_DEPLOYMENT_TARGET = 8.1;
				MTL_ENABLE_DEBUG_INFO = YES;
				ONLY_ACTIVE_ARCH = YES;
				SDKROOT = iphoneos;
				TARGETED_DEVICE_FAMILY = "1,2";
			};
			name = Debug;
		};
		C4CA30C51A18696E00E77FD4 /* Release */ = {
			isa = XCBuildConfiguration;
			buildSettings = {
				ALWAYS_SEARCH_USER_PATHS = NO;
				CLANG_CXX_LANGUAGE_STANDARD = "gnu++0x";
				CLANG_CXX_LIBRARY = "libc++";
				CLANG_ENABLE_MODULES = YES;
				CLANG_ENABLE_OBJC_ARC = YES;
				CLANG_WARN_BOOL_CONVERSION = YES;
				CLANG_WARN_CONSTANT_CONVERSION = YES;
				CLANG_WARN_DIRECT_OBJC_ISA_USAGE = YES_ERROR;
				CLANG_WARN_EMPTY_BODY = YES;
				CLANG_WARN_ENUM_CONVERSION = YES;
				CLANG_WARN_INT_CONVERSION = YES;
				CLANG_WARN_OBJC_ROOT_CLASS = YES_ERROR;
				CLANG_WARN_UNREACHABLE_CODE = YES;
				CLANG_WARN__DUPLICATE_METHOD_MATCH = YES;
				"CODE_SIGN_IDENTITY[sdk=iphoneos*]" = "iPhone Developer";
				COPY_PHASE_STRIP = YES;
				ENABLE_NS_ASSERTIONS = NO;
				ENABLE_STRICT_OBJC_MSGSEND = YES;
				GCC_C_LANGUAGE_STANDARD = gnu99;
				GCC_WARN_64_TO_32_BIT_CONVERSION = YES;
				GCC_WARN_ABOUT_RETURN_TYPE = YES_ERROR;
				GCC_WARN_UNDECLARED_SELECTOR = YES;
				GCC_WARN_UNINITIALIZED_AUTOS = YES_AGGRESSIVE;
				GCC_WARN_UNUSED_FUNCTION = YES;
				GCC_WARN_UNUSED_VARIABLE = YES;
				IPHONEOS_DEPLOYMENT_TARGET = 8.1;
				MTL_ENABLE_DEBUG_INFO = NO;
				SDKROOT = iphoneos;
				TARGETED_DEVICE_FAMILY = "1,2";
				VALIDATE_PRODUCT = YES;
			};
			name = Release;
		};
		C4CA30C71A18696E00E77FD4 /* Debug */ = {
			isa = XCBuildConfiguration;
			baseConfigurationReference = 81D77820ECEBBB8A4D7132F4 /* Pods.debug.xcconfig */;
			buildSettings = {
				ASSETCATALOG_COMPILER_APPICON_NAME = AppIcon;
				INFOPLIST_FILE = iGeo/Info.plist;
				LD_RUNPATH_SEARCH_PATHS = "$(inherited) @executable_path/Frameworks";
				PRODUCT_NAME = "$(TARGET_NAME)";
			};
			name = Debug;
		};
		C4CA30C81A18696E00E77FD4 /* Release */ = {
			isa = XCBuildConfiguration;
			baseConfigurationReference = 1251FAD8669C145F7C5C4927 /* Pods.release.xcconfig */;
			buildSettings = {
				ASSETCATALOG_COMPILER_APPICON_NAME = AppIcon;
				INFOPLIST_FILE = iGeo/Info.plist;
				LD_RUNPATH_SEARCH_PATHS = "$(inherited) @executable_path/Frameworks";
				PRODUCT_NAME = "$(TARGET_NAME)";
			};
			name = Release;
		};
		C4CA30CA1A18696E00E77FD4 /* Debug */ = {
			isa = XCBuildConfiguration;
			buildSettings = {
				BUNDLE_LOADER = "$(TEST_HOST)";
				CODE_SIGN_IDENTITY = "iPhone Developer";
				"CODE_SIGN_IDENTITY[sdk=iphoneos*]" = "iPhone Developer";
				FRAMEWORK_SEARCH_PATHS = (
					"$(SDKROOT)/Developer/Library/Frameworks",
					"$(inherited)",
				);
				GCC_PREPROCESSOR_DEFINITIONS = (
					"DEBUG=1",
					"$(inherited)",
				);
				INFOPLIST_FILE = iGeoTests/Info.plist;
				LD_RUNPATH_SEARCH_PATHS = "$(inherited) @executable_path/Frameworks @loader_path/Frameworks";
				PRODUCT_NAME = "$(TARGET_NAME)";
				PROVISIONING_PROFILE = "";
				TEST_HOST = "$(BUILT_PRODUCTS_DIR)/iGeo.app/iGeo";
			};
			name = Debug;
		};
		C4CA30CB1A18696E00E77FD4 /* Release */ = {
			isa = XCBuildConfiguration;
			buildSettings = {
				BUNDLE_LOADER = "$(TEST_HOST)";
				CODE_SIGN_IDENTITY = "iPhone Developer";
				"CODE_SIGN_IDENTITY[sdk=iphoneos*]" = "iPhone Developer";
				FRAMEWORK_SEARCH_PATHS = (
					"$(SDKROOT)/Developer/Library/Frameworks",
					"$(inherited)",
				);
				INFOPLIST_FILE = iGeoTests/Info.plist;
				LD_RUNPATH_SEARCH_PATHS = "$(inherited) @executable_path/Frameworks @loader_path/Frameworks";
				PRODUCT_NAME = "$(TARGET_NAME)";
				PROVISIONING_PROFILE = "";
				TEST_HOST = "$(BUILT_PRODUCTS_DIR)/iGeo.app/iGeo";
			};
			name = Release;
		};
/* End XCBuildConfiguration section */

/* Begin XCConfigurationList section */
		C4CA309E1A18696E00E77FD4 /* Build configuration list for PBXProject "iGeo" */ = {
			isa = XCConfigurationList;
			buildConfigurations = (
				C4CA30C41A18696E00E77FD4 /* Debug */,
				C4CA30C51A18696E00E77FD4 /* Release */,
			);
			defaultConfigurationIsVisible = 0;
			defaultConfigurationName = Release;
		};
		C4CA30C61A18696E00E77FD4 /* Build configuration list for PBXNativeTarget "iGeo" */ = {
			isa = XCConfigurationList;
			buildConfigurations = (
				C4CA30C71A18696E00E77FD4 /* Debug */,
				C4CA30C81A18696E00E77FD4 /* Release */,
			);
			defaultConfigurationIsVisible = 0;
			defaultConfigurationName = Release;
		};
		C4CA30C91A18696E00E77FD4 /* Build configuration list for PBXNativeTarget "iGeoTests" */ = {
			isa = XCConfigurationList;
			buildConfigurations = (
				C4CA30CA1A18696E00E77FD4 /* Debug */,
				C4CA30CB1A18696E00E77FD4 /* Release */,
			);
			defaultConfigurationIsVisible = 0;
			defaultConfigurationName = Release;
		};
/* End XCConfigurationList section */
	};
	rootObject = C4CA309B1A18696E00E77FD4 /* Project object */;
}
